// !$*UTF8*$!
{
	archiveVersion = 1;
	classes = {
	};
	objectVersion = 50;
	objects = {

/* Begin PBXBuildFile section */
		7B02560C958CFAEE57C2832B /* libPods-GithubViewerUITests.a in Frameworks */ = {isa = PBXBuildFile; fileRef = DE49C83AB5921EE2454A1C13 /* libPods-GithubViewerUITests.a */; };
		CFAA461C6DDF759186D7F961 /* libPods-GithubViewerTests.a in Frameworks */ = {isa = PBXBuildFile; fileRef = 34546AD13205BB5A3539DAE5 /* libPods-GithubViewerTests.a */; };
		DB22CC6B213ED79300BE551A /* GithubAPIStarringSpec.m in Sources */ = {isa = PBXBuildFile; fileRef = DB22CC6A213ED79300BE551A /* GithubAPIStarringSpec.m */; };
		DB22CC6F213ED7DC00BE551A /* GVRHTTPSessionManager.m in Sources */ = {isa = PBXBuildFile; fileRef = DB22CC6E213ED7DC00BE551A /* GVRHTTPSessionManager.m */; };
		DB22CC772140160800BE551A /* GVRHTTPRequest.m in Sources */ = {isa = PBXBuildFile; fileRef = DB22CC762140160800BE551A /* GVRHTTPRequest.m */; };
		DB22CC7A21401A4E00BE551A /* GVRHTTPResponse.m in Sources */ = {isa = PBXBuildFile; fileRef = DB22CC7921401A4E00BE551A /* GVRHTTPResponse.m */; };
		DB22CC7D21401CDB00BE551A /* GVRGithubSearchRepositoriesRequest.m in Sources */ = {isa = PBXBuildFile; fileRef = DB22CC7C21401CDB00BE551A /* GVRGithubSearchRepositoriesRequest.m */; };
		DB22CC8121401DAC00BE551A /* GVRGithubSearchRepositoriesResponse.m in Sources */ = {isa = PBXBuildFile; fileRef = DB22CC8021401DAC00BE551A /* GVRGithubSearchRepositoriesResponse.m */; };
		DBF8033C213ED1AD004A75D2 /* AppDelegate.m in Sources */ = {isa = PBXBuildFile; fileRef = DBF8033B213ED1AD004A75D2 /* AppDelegate.m */; };
		DBF8033F213ED1AD004A75D2 /* ViewController.m in Sources */ = {isa = PBXBuildFile; fileRef = DBF8033E213ED1AD004A75D2 /* ViewController.m */; };
		DBF80342213ED1AD004A75D2 /* Main.storyboard in Resources */ = {isa = PBXBuildFile; fileRef = DBF80340213ED1AD004A75D2 /* Main.storyboard */; };
		DBF80344213ED1AF004A75D2 /* Assets.xcassets in Resources */ = {isa = PBXBuildFile; fileRef = DBF80343213ED1AF004A75D2 /* Assets.xcassets */; };
		DBF80347213ED1AF004A75D2 /* LaunchScreen.storyboard in Resources */ = {isa = PBXBuildFile; fileRef = DBF80345213ED1AF004A75D2 /* LaunchScreen.storyboard */; };
		DBF8034A213ED1AF004A75D2 /* main.m in Sources */ = {isa = PBXBuildFile; fileRef = DBF80349213ED1AF004A75D2 /* main.m */; };
		DBF8035F213ED1B0004A75D2 /* GithubViewerUITests.m in Sources */ = {isa = PBXBuildFile; fileRef = DBF8035E213ED1B0004A75D2 /* GithubViewerUITests.m */; };
		FDF2AA01CB6238A64A9DAA51 /* libPods-GithubViewer.a in Frameworks */ = {isa = PBXBuildFile; fileRef = 2EAFF99A6432D0BB55A40128 /* libPods-GithubViewer.a */; };
/* End PBXBuildFile section */

/* Begin PBXContainerItemProxy section */
		DBF80350213ED1AF004A75D2 /* PBXContainerItemProxy */ = {
			isa = PBXContainerItemProxy;
			containerPortal = DBF8032F213ED1AD004A75D2 /* Project object */;
			proxyType = 1;
			remoteGlobalIDString = DBF80336213ED1AD004A75D2;
			remoteInfo = GithubViewer;
		};
		DBF8035B213ED1B0004A75D2 /* PBXContainerItemProxy */ = {
			isa = PBXContainerItemProxy;
			containerPortal = DBF8032F213ED1AD004A75D2 /* Project object */;
			proxyType = 1;
			remoteGlobalIDString = DBF80336213ED1AD004A75D2;
			remoteInfo = GithubViewer;
		};
/* End PBXContainerItemProxy section */

/* Begin PBXFileReference section */
		2EAFF99A6432D0BB55A40128 /* libPods-GithubViewer.a */ = {isa = PBXFileReference; explicitFileType = archive.ar; includeInIndex = 0; path = "libPods-GithubViewer.a"; sourceTree = BUILT_PRODUCTS_DIR; };
		34546AD13205BB5A3539DAE5 /* libPods-GithubViewerTests.a */ = {isa = PBXFileReference; explicitFileType = archive.ar; includeInIndex = 0; path = "libPods-GithubViewerTests.a"; sourceTree = BUILT_PRODUCTS_DIR; };
		460E2CCCF295CF442FD6F4E8 /* Pods-GithubViewerTests.debug.xcconfig */ = {isa = PBXFileReference; includeInIndex = 1; lastKnownFileType = text.xcconfig; name = "Pods-GithubViewerTests.debug.xcconfig"; path = "Pods/Target Support Files/Pods-GithubViewerTests/Pods-GithubViewerTests.debug.xcconfig"; sourceTree = "<group>"; };
		8BBEB7F18CB471D0A321ED68 /* Pods-GithubViewerUITests.release.xcconfig */ = {isa = PBXFileReference; includeInIndex = 1; lastKnownFileType = text.xcconfig; name = "Pods-GithubViewerUITests.release.xcconfig"; path = "Pods/Target Support Files/Pods-GithubViewerUITests/Pods-GithubViewerUITests.release.xcconfig"; sourceTree = "<group>"; };
		B4CCBFA4EEF3B5C9DE34E3EE /* Pods-GithubViewerUITests.debug.xcconfig */ = {isa = PBXFileReference; includeInIndex = 1; lastKnownFileType = text.xcconfig; name = "Pods-GithubViewerUITests.debug.xcconfig"; path = "Pods/Target Support Files/Pods-GithubViewerUITests/Pods-GithubViewerUITests.debug.xcconfig"; sourceTree = "<group>"; };
		D41455C44BA449A076ABAB66 /* Pods-GithubViewer.debug.xcconfig */ = {isa = PBXFileReference; includeInIndex = 1; lastKnownFileType = text.xcconfig; name = "Pods-GithubViewer.debug.xcconfig"; path = "Pods/Target Support Files/Pods-GithubViewer/Pods-GithubViewer.debug.xcconfig"; sourceTree = "<group>"; };
		DB22CC6A213ED79300BE551A /* GithubAPIStarringSpec.m */ = {isa = PBXFileReference; lastKnownFileType = sourcecode.c.objc; path = GithubAPIStarringSpec.m; sourceTree = "<group>"; };
		DB22CC6D213ED7DC00BE551A /* GVRHTTPSessionManager.h */ = {isa = PBXFileReference; lastKnownFileType = sourcecode.c.h; path = GVRHTTPSessionManager.h; sourceTree = "<group>"; };
		DB22CC6E213ED7DC00BE551A /* GVRHTTPSessionManager.m */ = {isa = PBXFileReference; lastKnownFileType = sourcecode.c.objc; path = GVRHTTPSessionManager.m; sourceTree = "<group>"; };
		DB22CC71213ED95200BE551A /* GithubViewerTestsPCH.pch */ = {isa = PBXFileReference; lastKnownFileType = sourcecode.c.h; path = GithubViewerTestsPCH.pch; sourceTree = "<group>"; };
		DB22CC752140160800BE551A /* GVRHTTPRequest.h */ = {isa = PBXFileReference; lastKnownFileType = sourcecode.c.h; path = GVRHTTPRequest.h; sourceTree = "<group>"; };
		DB22CC762140160800BE551A /* GVRHTTPRequest.m */ = {isa = PBXFileReference; lastKnownFileType = sourcecode.c.objc; path = GVRHTTPRequest.m; sourceTree = "<group>"; };
		DB22CC7821401A4E00BE551A /* GVRHTTPResponse.h */ = {isa = PBXFileReference; lastKnownFileType = sourcecode.c.h; path = GVRHTTPResponse.h; sourceTree = "<group>"; };
		DB22CC7921401A4E00BE551A /* GVRHTTPResponse.m */ = {isa = PBXFileReference; lastKnownFileType = sourcecode.c.objc; path = GVRHTTPResponse.m; sourceTree = "<group>"; };
		DB22CC7B21401CDB00BE551A /* GVRGithubSearchRepositoriesRequest.h */ = {isa = PBXFileReference; lastKnownFileType = sourcecode.c.h; path = GVRGithubSearchRepositoriesRequest.h; sourceTree = "<group>"; };
		DB22CC7C21401CDB00BE551A /* GVRGithubSearchRepositoriesRequest.m */ = {isa = PBXFileReference; lastKnownFileType = sourcecode.c.objc; path = GVRGithubSearchRepositoriesRequest.m; sourceTree = "<group>"; };
		DB22CC7F21401DAC00BE551A /* GVRGithubSearchRepositoriesResponse.h */ = {isa = PBXFileReference; lastKnownFileType = sourcecode.c.h; path = GVRGithubSearchRepositoriesResponse.h; sourceTree = "<group>"; };
		DB22CC8021401DAC00BE551A /* GVRGithubSearchRepositoriesResponse.m */ = {isa = PBXFileReference; lastKnownFileType = sourcecode.c.objc; path = GVRGithubSearchRepositoriesResponse.m; sourceTree = "<group>"; };
		DBF80337213ED1AD004A75D2 /* GithubViewer.app */ = {isa = PBXFileReference; explicitFileType = wrapper.application; includeInIndex = 0; path = GithubViewer.app; sourceTree = BUILT_PRODUCTS_DIR; };
		DBF8033A213ED1AD004A75D2 /* AppDelegate.h */ = {isa = PBXFileReference; lastKnownFileType = sourcecode.c.h; path = AppDelegate.h; sourceTree = "<group>"; };
		DBF8033B213ED1AD004A75D2 /* AppDelegate.m */ = {isa = PBXFileReference; lastKnownFileType = sourcecode.c.objc; path = AppDelegate.m; sourceTree = "<group>"; };
		DBF8033D213ED1AD004A75D2 /* ViewController.h */ = {isa = PBXFileReference; lastKnownFileType = sourcecode.c.h; path = ViewController.h; sourceTree = "<group>"; };
		DBF8033E213ED1AD004A75D2 /* ViewController.m */ = {isa = PBXFileReference; lastKnownFileType = sourcecode.c.objc; path = ViewController.m; sourceTree = "<group>"; };
		DBF80341213ED1AD004A75D2 /* Base */ = {isa = PBXFileReference; lastKnownFileType = file.storyboard; name = Base; path = Base.lproj/Main.storyboard; sourceTree = "<group>"; };
		DBF80343213ED1AF004A75D2 /* Assets.xcassets */ = {isa = PBXFileReference; lastKnownFileType = folder.assetcatalog; path = Assets.xcassets; sourceTree = "<group>"; };
		DBF80346213ED1AF004A75D2 /* Base */ = {isa = PBXFileReference; lastKnownFileType = file.storyboard; name = Base; path = Base.lproj/LaunchScreen.storyboard; sourceTree = "<group>"; };
		DBF80348213ED1AF004A75D2 /* Info.plist */ = {isa = PBXFileReference; lastKnownFileType = text.plist.xml; path = Info.plist; sourceTree = "<group>"; };
		DBF80349213ED1AF004A75D2 /* main.m */ = {isa = PBXFileReference; lastKnownFileType = sourcecode.c.objc; path = main.m; sourceTree = "<group>"; };
		DBF8034F213ED1AF004A75D2 /* GithubViewerTests.xctest */ = {isa = PBXFileReference; explicitFileType = wrapper.cfbundle; includeInIndex = 0; path = GithubViewerTests.xctest; sourceTree = BUILT_PRODUCTS_DIR; };
		DBF80355213ED1B0004A75D2 /* Info.plist */ = {isa = PBXFileReference; lastKnownFileType = text.plist.xml; path = Info.plist; sourceTree = "<group>"; };
		DBF8035A213ED1B0004A75D2 /* GithubViewerUITests.xctest */ = {isa = PBXFileReference; explicitFileType = wrapper.cfbundle; includeInIndex = 0; path = GithubViewerUITests.xctest; sourceTree = BUILT_PRODUCTS_DIR; };
		DBF8035E213ED1B0004A75D2 /* GithubViewerUITests.m */ = {isa = PBXFileReference; lastKnownFileType = sourcecode.c.objc; path = GithubViewerUITests.m; sourceTree = "<group>"; };
		DBF80360213ED1B0004A75D2 /* Info.plist */ = {isa = PBXFileReference; lastKnownFileType = text.plist.xml; path = Info.plist; sourceTree = "<group>"; };
		DE49C83AB5921EE2454A1C13 /* libPods-GithubViewerUITests.a */ = {isa = PBXFileReference; explicitFileType = archive.ar; includeInIndex = 0; path = "libPods-GithubViewerUITests.a"; sourceTree = BUILT_PRODUCTS_DIR; };
		EDA9C41594EA871BFD28C1EA /* Pods-GithubViewer.release.xcconfig */ = {isa = PBXFileReference; includeInIndex = 1; lastKnownFileType = text.xcconfig; name = "Pods-GithubViewer.release.xcconfig"; path = "Pods/Target Support Files/Pods-GithubViewer/Pods-GithubViewer.release.xcconfig"; sourceTree = "<group>"; };
		FD6AE37B5EC0BDF1A56C5DA3 /* Pods-GithubViewerTests.release.xcconfig */ = {isa = PBXFileReference; includeInIndex = 1; lastKnownFileType = text.xcconfig; name = "Pods-GithubViewerTests.release.xcconfig"; path = "Pods/Target Support Files/Pods-GithubViewerTests/Pods-GithubViewerTests.release.xcconfig"; sourceTree = "<group>"; };
/* End PBXFileReference section */

/* Begin PBXFrameworksBuildPhase section */
		DBF80334213ED1AD004A75D2 /* Frameworks */ = {
			isa = PBXFrameworksBuildPhase;
			buildActionMask = 2147483647;
			files = (
				FDF2AA01CB6238A64A9DAA51 /* libPods-GithubViewer.a in Frameworks */,
			);
			runOnlyForDeploymentPostprocessing = 0;
		};
		DBF8034C213ED1AF004A75D2 /* Frameworks */ = {
			isa = PBXFrameworksBuildPhase;
			buildActionMask = 2147483647;
			files = (
				CFAA461C6DDF759186D7F961 /* libPods-GithubViewerTests.a in Frameworks */,
			);
			runOnlyForDeploymentPostprocessing = 0;
		};
		DBF80357213ED1B0004A75D2 /* Frameworks */ = {
			isa = PBXFrameworksBuildPhase;
			buildActionMask = 2147483647;
			files = (
				7B02560C958CFAEE57C2832B /* libPods-GithubViewerUITests.a in Frameworks */,
			);
			runOnlyForDeploymentPostprocessing = 0;
		};
/* End PBXFrameworksBuildPhase section */

/* Begin PBXGroup section */
		4F1B9987BFF2169B64A16318 /* Pods */ = {
			isa = PBXGroup;
			children = (
				D41455C44BA449A076ABAB66 /* Pods-GithubViewer.debug.xcconfig */,
				EDA9C41594EA871BFD28C1EA /* Pods-GithubViewer.release.xcconfig */,
				460E2CCCF295CF442FD6F4E8 /* Pods-GithubViewerTests.debug.xcconfig */,
				FD6AE37B5EC0BDF1A56C5DA3 /* Pods-GithubViewerTests.release.xcconfig */,
				B4CCBFA4EEF3B5C9DE34E3EE /* Pods-GithubViewerUITests.debug.xcconfig */,
				8BBEB7F18CB471D0A321ED68 /* Pods-GithubViewerUITests.release.xcconfig */,
			);
			name = Pods;
			sourceTree = "<group>";
		};
		DB22CC69213ED75D00BE551A /* GithubAPI */ = {
			isa = PBXGroup;
			children = (
				DB22CC6A213ED79300BE551A /* GithubAPIStarringSpec.m */,
			);
			path = GithubAPI;
			sourceTree = "<group>";
		};
		DB22CC6C213ED7AF00BE551A /* Networking */ = {
			isa = PBXGroup;
			children = (
				DB22CC6D213ED7DC00BE551A /* GVRHTTPSessionManager.h */,
				DB22CC6E213ED7DC00BE551A /* GVRHTTPSessionManager.m */,
				DB22CC752140160800BE551A /* GVRHTTPRequest.h */,
				DB22CC762140160800BE551A /* GVRHTTPRequest.m */,
				DB22CC7821401A4E00BE551A /* GVRHTTPResponse.h */,
				DB22CC7921401A4E00BE551A /* GVRHTTPResponse.m */,
			);
			path = Networking;
			sourceTree = "<group>";
		};
		DB22CC70213ED92E00BE551A /* TestingUtil */ = {
			isa = PBXGroup;
			children = (
				DB22CC71213ED95200BE551A /* GithubViewerTestsPCH.pch */,
			);
			path = TestingUtil;
			sourceTree = "<group>";
		};
		DB22CC7E21401D8A00BE551A /* GithubAPIRequests */ = {
			isa = PBXGroup;
			children = (
				DB22CC7B21401CDB00BE551A /* GVRGithubSearchRepositoriesRequest.h */,
				DB22CC7C21401CDB00BE551A /* GVRGithubSearchRepositoriesRequest.m */,
				DB22CC7F21401DAC00BE551A /* GVRGithubSearchRepositoriesResponse.h */,
				DB22CC8021401DAC00BE551A /* GVRGithubSearchRepositoriesResponse.m */,
			);
			path = GithubAPIRequests;
			sourceTree = "<group>";
		};
		DBF8032E213ED1AD004A75D2 = {
			isa = PBXGroup;
			children = (
				DBF80339213ED1AD004A75D2 /* GithubViewer */,
				DBF80352213ED1AF004A75D2 /* GithubViewerTests */,
				DBF8035D213ED1B0004A75D2 /* GithubViewerUITests */,
				DBF80338213ED1AD004A75D2 /* Products */,
				4F1B9987BFF2169B64A16318 /* Pods */,
				DF12E5682F5276C19D1F7AFB /* Frameworks */,
			);
			sourceTree = "<group>";
		};
		DBF80338213ED1AD004A75D2 /* Products */ = {
			isa = PBXGroup;
			children = (
				DBF80337213ED1AD004A75D2 /* GithubViewer.app */,
				DBF8034F213ED1AF004A75D2 /* GithubViewerTests.xctest */,
				DBF8035A213ED1B0004A75D2 /* GithubViewerUITests.xctest */,
			);
			name = Products;
			sourceTree = "<group>";
		};
		DBF80339213ED1AD004A75D2 /* GithubViewer */ = {
			isa = PBXGroup;
			children = (
				DBF8033A213ED1AD004A75D2 /* AppDelegate.h */,
				DBF8033B213ED1AD004A75D2 /* AppDelegate.m */,
				DBF8033D213ED1AD004A75D2 /* ViewController.h */,
				DBF8033E213ED1AD004A75D2 /* ViewController.m */,
				DB22CC7E21401D8A00BE551A /* GithubAPIRequests */,
				DB22CC6C213ED7AF00BE551A /* Networking */,
				DBF80340213ED1AD004A75D2 /* Main.storyboard */,
				DBF80343213ED1AF004A75D2 /* Assets.xcassets */,
				DBF80345213ED1AF004A75D2 /* LaunchScreen.storyboard */,
				DBF80348213ED1AF004A75D2 /* Info.plist */,
				DBF80349213ED1AF004A75D2 /* main.m */,
			);
			path = GithubViewer;
			sourceTree = "<group>";
		};
		DBF80352213ED1AF004A75D2 /* GithubViewerTests */ = {
			isa = PBXGroup;
			children = (
				DB22CC70213ED92E00BE551A /* TestingUtil */,
				DB22CC69213ED75D00BE551A /* GithubAPI */,
				DBF80355213ED1B0004A75D2 /* Info.plist */,
			);
			path = GithubViewerTests;
			sourceTree = "<group>";
		};
		DBF8035D213ED1B0004A75D2 /* GithubViewerUITests */ = {
			isa = PBXGroup;
			children = (
				DBF8035E213ED1B0004A75D2 /* GithubViewerUITests.m */,
				DBF80360213ED1B0004A75D2 /* Info.plist */,
			);
			path = GithubViewerUITests;
			sourceTree = "<group>";
		};
		DF12E5682F5276C19D1F7AFB /* Frameworks */ = {
			isa = PBXGroup;
			children = (
				2EAFF99A6432D0BB55A40128 /* libPods-GithubViewer.a */,
				34546AD13205BB5A3539DAE5 /* libPods-GithubViewerTests.a */,
				DE49C83AB5921EE2454A1C13 /* libPods-GithubViewerUITests.a */,
			);
			name = Frameworks;
			sourceTree = "<group>";
		};
/* End PBXGroup section */

/* Begin PBXNativeTarget section */
		DBF80336213ED1AD004A75D2 /* GithubViewer */ = {
			isa = PBXNativeTarget;
			buildConfigurationList = DBF80363213ED1B0004A75D2 /* Build configuration list for PBXNativeTarget "GithubViewer" */;
			buildPhases = (
				98523AC54346B721E8841FC9 /* [CP] Check Pods Manifest.lock */,
				DBF80333213ED1AD004A75D2 /* Sources */,
				DBF80334213ED1AD004A75D2 /* Frameworks */,
				DBF80335213ED1AD004A75D2 /* Resources */,
			);
			buildRules = (
			);
			dependencies = (
			);
			name = GithubViewer;
			productName = GithubViewer;
			productReference = DBF80337213ED1AD004A75D2 /* GithubViewer.app */;
			productType = "com.apple.product-type.application";
		};
		DBF8034E213ED1AF004A75D2 /* GithubViewerTests */ = {
			isa = PBXNativeTarget;
			buildConfigurationList = DBF80366213ED1B0004A75D2 /* Build configuration list for PBXNativeTarget "GithubViewerTests" */;
			buildPhases = (
				06285C23E4074AE4518CCA68 /* [CP] Check Pods Manifest.lock */,
				DBF8034B213ED1AF004A75D2 /* Sources */,
				DBF8034C213ED1AF004A75D2 /* Frameworks */,
				DBF8034D213ED1AF004A75D2 /* Resources */,
			);
			buildRules = (
			);
			dependencies = (
				DBF80351213ED1AF004A75D2 /* PBXTargetDependency */,
			);
			name = GithubViewerTests;
			productName = GithubViewerTests;
			productReference = DBF8034F213ED1AF004A75D2 /* GithubViewerTests.xctest */;
			productType = "com.apple.product-type.bundle.unit-test";
		};
		DBF80359213ED1B0004A75D2 /* GithubViewerUITests */ = {
			isa = PBXNativeTarget;
			buildConfigurationList = DBF80369213ED1B0004A75D2 /* Build configuration list for PBXNativeTarget "GithubViewerUITests" */;
			buildPhases = (
				A3ED509D00695301E1404A06 /* [CP] Check Pods Manifest.lock */,
				DBF80356213ED1B0004A75D2 /* Sources */,
				DBF80357213ED1B0004A75D2 /* Frameworks */,
				DBF80358213ED1B0004A75D2 /* Resources */,
			);
			buildRules = (
			);
			dependencies = (
				DBF8035C213ED1B0004A75D2 /* PBXTargetDependency */,
			);
			name = GithubViewerUITests;
			productName = GithubViewerUITests;
			productReference = DBF8035A213ED1B0004A75D2 /* GithubViewerUITests.xctest */;
			productType = "com.apple.product-type.bundle.ui-testing";
		};
/* End PBXNativeTarget section */

/* Begin PBXProject section */
		DBF8032F213ED1AD004A75D2 /* Project object */ = {
			isa = PBXProject;
			attributes = {
				LastUpgradeCheck = 0940;
				ORGANIZATIONNAME = Glassesd;
				TargetAttributes = {
					DBF80336213ED1AD004A75D2 = {
						CreatedOnToolsVersion = 9.4.1;
					};
					DBF8034E213ED1AF004A75D2 = {
						CreatedOnToolsVersion = 9.4.1;
						TestTargetID = DBF80336213ED1AD004A75D2;
					};
					DBF80359213ED1B0004A75D2 = {
						CreatedOnToolsVersion = 9.4.1;
						TestTargetID = DBF80336213ED1AD004A75D2;
					};
				};
			};
			buildConfigurationList = DBF80332213ED1AD004A75D2 /* Build configuration list for PBXProject "GithubViewer" */;
			compatibilityVersion = "Xcode 9.3";
			developmentRegion = en;
			hasScannedForEncodings = 0;
			knownRegions = (
				en,
				Base,
			);
			mainGroup = DBF8032E213ED1AD004A75D2;
			productRefGroup = DBF80338213ED1AD004A75D2 /* Products */;
			projectDirPath = "";
			projectRoot = "";
			targets = (
				DBF80336213ED1AD004A75D2 /* GithubViewer */,
				DBF8034E213ED1AF004A75D2 /* GithubViewerTests */,
				DBF80359213ED1B0004A75D2 /* GithubViewerUITests */,
			);
		};
/* End PBXProject section */

/* Begin PBXResourcesBuildPhase section */
		DBF80335213ED1AD004A75D2 /* Resources */ = {
			isa = PBXResourcesBuildPhase;
			buildActionMask = 2147483647;
			files = (
				DBF80347213ED1AF004A75D2 /* LaunchScreen.storyboard in Resources */,
				DBF80344213ED1AF004A75D2 /* Assets.xcassets in Resources */,
				DBF80342213ED1AD004A75D2 /* Main.storyboard in Resources */,
			);
			runOnlyForDeploymentPostprocessing = 0;
		};
		DBF8034D213ED1AF004A75D2 /* Resources */ = {
			isa = PBXResourcesBuildPhase;
			buildActionMask = 2147483647;
			files = (
			);
			runOnlyForDeploymentPostprocessing = 0;
		};
		DBF80358213ED1B0004A75D2 /* Resources */ = {
			isa = PBXResourcesBuildPhase;
			buildActionMask = 2147483647;
			files = (
			);
			runOnlyForDeploymentPostprocessing = 0;
		};
/* End PBXResourcesBuildPhase section */

/* Begin PBXShellScriptBuildPhase section */
		06285C23E4074AE4518CCA68 /* [CP] Check Pods Manifest.lock */ = {
			isa = PBXShellScriptBuildPhase;
			buildActionMask = 2147483647;
			files = (
			);
			inputPaths = (
				"${PODS_PODFILE_DIR_PATH}/Podfile.lock",
				"${PODS_ROOT}/Manifest.lock",
			);
			name = "[CP] Check Pods Manifest.lock";
			outputPaths = (
				"$(DERIVED_FILE_DIR)/Pods-GithubViewerTests-checkManifestLockResult.txt",
			);
			runOnlyForDeploymentPostprocessing = 0;
			shellPath = /bin/sh;
			shellScript = "diff \"${PODS_PODFILE_DIR_PATH}/Podfile.lock\" \"${PODS_ROOT}/Manifest.lock\" > /dev/null\nif [ $? != 0 ] ; then\n    # print error to STDERR\n    echo \"error: The sandbox is not in sync with the Podfile.lock. Run 'pod install' or update your CocoaPods installation.\" >&2\n    exit 1\nfi\n# This output is used by Xcode 'outputs' to avoid re-running this script phase.\necho \"SUCCESS\" > \"${SCRIPT_OUTPUT_FILE_0}\"\n";
			showEnvVarsInLog = 0;
		};
		98523AC54346B721E8841FC9 /* [CP] Check Pods Manifest.lock */ = {
			isa = PBXShellScriptBuildPhase;
			buildActionMask = 2147483647;
			files = (
			);
			inputPaths = (
				"${PODS_PODFILE_DIR_PATH}/Podfile.lock",
				"${PODS_ROOT}/Manifest.lock",
			);
			name = "[CP] Check Pods Manifest.lock";
			outputPaths = (
				"$(DERIVED_FILE_DIR)/Pods-GithubViewer-checkManifestLockResult.txt",
			);
			runOnlyForDeploymentPostprocessing = 0;
			shellPath = /bin/sh;
			shellScript = "diff \"${PODS_PODFILE_DIR_PATH}/Podfile.lock\" \"${PODS_ROOT}/Manifest.lock\" > /dev/null\nif [ $? != 0 ] ; then\n    # print error to STDERR\n    echo \"error: The sandbox is not in sync with the Podfile.lock. Run 'pod install' or update your CocoaPods installation.\" >&2\n    exit 1\nfi\n# This output is used by Xcode 'outputs' to avoid re-running this script phase.\necho \"SUCCESS\" > \"${SCRIPT_OUTPUT_FILE_0}\"\n";
			showEnvVarsInLog = 0;
		};
		A3ED509D00695301E1404A06 /* [CP] Check Pods Manifest.lock */ = {
			isa = PBXShellScriptBuildPhase;
			buildActionMask = 2147483647;
			files = (
			);
			inputPaths = (
				"${PODS_PODFILE_DIR_PATH}/Podfile.lock",
				"${PODS_ROOT}/Manifest.lock",
			);
			name = "[CP] Check Pods Manifest.lock";
			outputPaths = (
				"$(DERIVED_FILE_DIR)/Pods-GithubViewerUITests-checkManifestLockResult.txt",
			);
			runOnlyForDeploymentPostprocessing = 0;
			shellPath = /bin/sh;
			shellScript = "diff \"${PODS_PODFILE_DIR_PATH}/Podfile.lock\" \"${PODS_ROOT}/Manifest.lock\" > /dev/null\nif [ $? != 0 ] ; then\n    # print error to STDERR\n    echo \"error: The sandbox is not in sync with the Podfile.lock. Run 'pod install' or update your CocoaPods installation.\" >&2\n    exit 1\nfi\n# This output is used by Xcode 'outputs' to avoid re-running this script phase.\necho \"SUCCESS\" > \"${SCRIPT_OUTPUT_FILE_0}\"\n";
			showEnvVarsInLog = 0;
		};
/* End PBXShellScriptBuildPhase section */

/* Begin PBXSourcesBuildPhase section */
		DBF80333213ED1AD004A75D2 /* Sources */ = {
			isa = PBXSourcesBuildPhase;
			buildActionMask = 2147483647;
			files = (
				DB22CC7A21401A4E00BE551A /* GVRHTTPResponse.m in Sources */,
				DB22CC6F213ED7DC00BE551A /* GVRHTTPSessionManager.m in Sources */,
				DBF8033F213ED1AD004A75D2 /* ViewController.m in Sources */,
				DB22CC772140160800BE551A /* GVRHTTPRequest.m in Sources */,
				DBF8034A213ED1AF004A75D2 /* main.m in Sources */,
				DBF8033C213ED1AD004A75D2 /* AppDelegate.m in Sources */,
				DB22CC7D21401CDB00BE551A /* GVRGithubSearchRepositoriesRequest.m in Sources */,
				DB22CC8121401DAC00BE551A /* GVRGithubSearchRepositoriesResponse.m in Sources */,
			);
			runOnlyForDeploymentPostprocessing = 0;
		};
		DBF8034B213ED1AF004A75D2 /* Sources */ = {
			isa = PBXSourcesBuildPhase;
			buildActionMask = 2147483647;
			files = (
				DB22CC6B213ED79300BE551A /* GithubAPIStarringSpec.m in Sources */,
			);
			runOnlyForDeploymentPostprocessing = 0;
		};
		DBF80356213ED1B0004A75D2 /* Sources */ = {
			isa = PBXSourcesBuildPhase;
			buildActionMask = 2147483647;
			files = (
				DBF8035F213ED1B0004A75D2 /* GithubViewerUITests.m in Sources */,
			);
			runOnlyForDeploymentPostprocessing = 0;
		};
/* End PBXSourcesBuildPhase section */

/* Begin PBXTargetDependency section */
		DBF80351213ED1AF004A75D2 /* PBXTargetDependency */ = {
			isa = PBXTargetDependency;
			target = DBF80336213ED1AD004A75D2 /* GithubViewer */;
			targetProxy = DBF80350213ED1AF004A75D2 /* PBXContainerItemProxy */;
		};
		DBF8035C213ED1B0004A75D2 /* PBXTargetDependency */ = {
			isa = PBXTargetDependency;
			target = DBF80336213ED1AD004A75D2 /* GithubViewer */;
			targetProxy = DBF8035B213ED1B0004A75D2 /* PBXContainerItemProxy */;
		};
/* End PBXTargetDependency section */

/* Begin PBXVariantGroup section */
		DBF80340213ED1AD004A75D2 /* Main.storyboard */ = {
			isa = PBXVariantGroup;
			children = (
				DBF80341213ED1AD004A75D2 /* Base */,
			);
			name = Main.storyboard;
			sourceTree = "<group>";
		};
		DBF80345213ED1AF004A75D2 /* LaunchScreen.storyboard */ = {
			isa = PBXVariantGroup;
			children = (
				DBF80346213ED1AF004A75D2 /* Base */,
			);
			name = LaunchScreen.storyboard;
			sourceTree = "<group>";
		};
/* End PBXVariantGroup section */

/* Begin XCBuildConfiguration section */
		DBF80361213ED1B0004A75D2 /* Debug */ = {
			isa = XCBuildConfiguration;
			buildSettings = {
				ALWAYS_SEARCH_USER_PATHS = NO;
				CLANG_ANALYZER_NONNULL = YES;
				CLANG_ANALYZER_NUMBER_OBJECT_CONVERSION = YES_AGGRESSIVE;
				CLANG_CXX_LANGUAGE_STANDARD = "gnu++14";
				CLANG_CXX_LIBRARY = "libc++";
				CLANG_ENABLE_MODULES = YES;
				CLANG_ENABLE_OBJC_ARC = YES;
				CLANG_ENABLE_OBJC_WEAK = YES;
				CLANG_WARN_BLOCK_CAPTURE_AUTORELEASING = YES;
				CLANG_WARN_BOOL_CONVERSION = YES;
				CLANG_WARN_COMMA = YES;
				CLANG_WARN_CONSTANT_CONVERSION = YES;
				CLANG_WARN_DEPRECATED_OBJC_IMPLEMENTATIONS = YES;
				CLANG_WARN_DIRECT_OBJC_ISA_USAGE = YES_ERROR;
				CLANG_WARN_DOCUMENTATION_COMMENTS = YES;
				CLANG_WARN_EMPTY_BODY = YES;
				CLANG_WARN_ENUM_CONVERSION = YES;
				CLANG_WARN_INFINITE_RECURSION = YES;
				CLANG_WARN_INT_CONVERSION = YES;
				CLANG_WARN_NON_LITERAL_NULL_CONVERSION = YES;
				CLANG_WARN_OBJC_IMPLICIT_RETAIN_SELF = YES;
				CLANG_WARN_OBJC_LITERAL_CONVERSION = YES;
				CLANG_WARN_OBJC_ROOT_CLASS = YES_ERROR;
				CLANG_WARN_RANGE_LOOP_ANALYSIS = YES;
				CLANG_WARN_STRICT_PROTOTYPES = YES;
				CLANG_WARN_SUSPICIOUS_MOVE = YES;
				CLANG_WARN_UNGUARDED_AVAILABILITY = YES_AGGRESSIVE;
				CLANG_WARN_UNREACHABLE_CODE = YES;
				CLANG_WARN__DUPLICATE_METHOD_MATCH = YES;
				CODE_SIGN_IDENTITY = "iPhone Developer";
				COPY_PHASE_STRIP = NO;
				DEBUG_INFORMATION_FORMAT = dwarf;
				ENABLE_STRICT_OBJC_MSGSEND = YES;
				ENABLE_TESTABILITY = YES;
				GCC_C_LANGUAGE_STANDARD = gnu11;
				GCC_DYNAMIC_NO_PIC = NO;
				GCC_NO_COMMON_BLOCKS = YES;
				GCC_OPTIMIZATION_LEVEL = 0;
				GCC_PREPROCESSOR_DEFINITIONS = (
					"DEBUG=1",
					"$(inherited)",
				);
				GCC_WARN_64_TO_32_BIT_CONVERSION = YES;
				GCC_WARN_ABOUT_RETURN_TYPE = YES_ERROR;
				GCC_WARN_UNDECLARED_SELECTOR = YES;
				GCC_WARN_UNINITIALIZED_AUTOS = YES_AGGRESSIVE;
				GCC_WARN_UNUSED_FUNCTION = YES;
				GCC_WARN_UNUSED_VARIABLE = YES;
				IPHONEOS_DEPLOYMENT_TARGET = 11.4;
				MTL_ENABLE_DEBUG_INFO = YES;
				ONLY_ACTIVE_ARCH = YES;
				SDKROOT = iphoneos;
			};
			name = Debug;
		};
		DBF80362213ED1B0004A75D2 /* Release */ = {
			isa = XCBuildConfiguration;
			buildSettings = {
				ALWAYS_SEARCH_USER_PATHS = NO;
				CLANG_ANALYZER_NONNULL = YES;
				CLANG_ANALYZER_NUMBER_OBJECT_CONVERSION = YES_AGGRESSIVE;
				CLANG_CXX_LANGUAGE_STANDARD = "gnu++14";
				CLANG_CXX_LIBRARY = "libc++";
				CLANG_ENABLE_MODULES = YES;
				CLANG_ENABLE_OBJC_ARC = YES;
				CLANG_ENABLE_OBJC_WEAK = YES;
				CLANG_WARN_BLOCK_CAPTURE_AUTORELEASING = YES;
				CLANG_WARN_BOOL_CONVERSION = YES;
				CLANG_WARN_COMMA = YES;
				CLANG_WARN_CONSTANT_CONVERSION = YES;
				CLANG_WARN_DEPRECATED_OBJC_IMPLEMENTATIONS = YES;
				CLANG_WARN_DIRECT_OBJC_ISA_USAGE = YES_ERROR;
				CLANG_WARN_DOCUMENTATION_COMMENTS = YES;
				CLANG_WARN_EMPTY_BODY = YES;
				CLANG_WARN_ENUM_CONVERSION = YES;
				CLANG_WARN_INFINITE_RECURSION = YES;
				CLANG_WARN_INT_CONVERSION = YES;
				CLANG_WARN_NON_LITERAL_NULL_CONVERSION = YES;
				CLANG_WARN_OBJC_IMPLICIT_RETAIN_SELF = YES;
				CLANG_WARN_OBJC_LITERAL_CONVERSION = YES;
				CLANG_WARN_OBJC_ROOT_CLASS = YES_ERROR;
				CLANG_WARN_RANGE_LOOP_ANALYSIS = YES;
				CLANG_WARN_STRICT_PROTOTYPES = YES;
				CLANG_WARN_SUSPICIOUS_MOVE = YES;
				CLANG_WARN_UNGUARDED_AVAILABILITY = YES_AGGRESSIVE;
				CLANG_WARN_UNREACHABLE_CODE = YES;
				CLANG_WARN__DUPLICATE_METHOD_MATCH = YES;
				CODE_SIGN_IDENTITY = "iPhone Developer";
				COPY_PHASE_STRIP = NO;
				DEBUG_INFORMATION_FORMAT = "dwarf-with-dsym";
				ENABLE_NS_ASSERTIONS = NO;
				ENABLE_STRICT_OBJC_MSGSEND = YES;
				GCC_C_LANGUAGE_STANDARD = gnu11;
				GCC_NO_COMMON_BLOCKS = YES;
				GCC_WARN_64_TO_32_BIT_CONVERSION = YES;
				GCC_WARN_ABOUT_RETURN_TYPE = YES_ERROR;
				GCC_WARN_UNDECLARED_SELECTOR = YES;
				GCC_WARN_UNINITIALIZED_AUTOS = YES_AGGRESSIVE;
				GCC_WARN_UNUSED_FUNCTION = YES;
				GCC_WARN_UNUSED_VARIABLE = YES;
				IPHONEOS_DEPLOYMENT_TARGET = 11.4;
				MTL_ENABLE_DEBUG_INFO = NO;
				SDKROOT = iphoneos;
				VALIDATE_PRODUCT = YES;
			};
			name = Release;
		};
		DBF80364213ED1B0004A75D2 /* Debug */ = {
			isa = XCBuildConfiguration;
			baseConfigurationReference = D41455C44BA449A076ABAB66 /* Pods-GithubViewer.debug.xcconfig */;
			buildSettings = {
				ASSETCATALOG_COMPILER_APPICON_NAME = AppIcon;
				CODE_SIGN_STYLE = Automatic;
				DEVELOPMENT_TEAM = YAL85W8CJA;
				INFOPLIST_FILE = GithubViewer/Info.plist;
				LD_RUNPATH_SEARCH_PATHS = (
					"$(inherited)",
					"@executable_path/Frameworks",
				);
				PRODUCT_BUNDLE_IDENTIFIER = com.farteen.GithubViewer;
				PRODUCT_NAME = "$(TARGET_NAME)";
				TARGETED_DEVICE_FAMILY = 2;
			};
			name = Debug;
		};
		DBF80365213ED1B0004A75D2 /* Release */ = {
			isa = XCBuildConfiguration;
			baseConfigurationReference = EDA9C41594EA871BFD28C1EA /* Pods-GithubViewer.release.xcconfig */;
			buildSettings = {
				ASSETCATALOG_COMPILER_APPICON_NAME = AppIcon;
				CODE_SIGN_STYLE = Automatic;
				DEVELOPMENT_TEAM = YAL85W8CJA;
				INFOPLIST_FILE = GithubViewer/Info.plist;
				LD_RUNPATH_SEARCH_PATHS = (
					"$(inherited)",
					"@executable_path/Frameworks",
				);
				PRODUCT_BUNDLE_IDENTIFIER = com.farteen.GithubViewer;
				PRODUCT_NAME = "$(TARGET_NAME)";
				TARGETED_DEVICE_FAMILY = 2;
			};
			name = Release;
		};
		DBF80367213ED1B0004A75D2 /* Debug */ = {
			isa = XCBuildConfiguration;
			baseConfigurationReference = 460E2CCCF295CF442FD6F4E8 /* Pods-GithubViewerTests.debug.xcconfig */;
			buildSettings = {
				BUNDLE_LOADER = "$(TEST_HOST)";
				CODE_SIGN_STYLE = Automatic;
				DEVELOPMENT_TEAM = YAL85W8CJA;
				GCC_PREFIX_HEADER = "$(SRCROOT)/GithubViewerTests/TestingUtil/GithubViewerTestsPCH.pch";
				INFOPLIST_FILE = GithubViewerTests/Info.plist;
				LD_RUNPATH_SEARCH_PATHS = (
					"$(inherited)",
					"@executable_path/Frameworks",
					"@loader_path/Frameworks",
				);
				PRODUCT_BUNDLE_IDENTIFIER = com.farteen.GithubViewerTests;
				PRODUCT_NAME = "$(TARGET_NAME)";
				TARGETED_DEVICE_FAMILY = "1,2";
				TEST_HOST = "$(BUILT_PRODUCTS_DIR)/GithubViewer.app/GithubViewer";
			};
			name = Debug;
		};
		DBF80368213ED1B0004A75D2 /* Release */ = {
			isa = XCBuildConfiguration;
			baseConfigurationReference = FD6AE37B5EC0BDF1A56C5DA3 /* Pods-GithubViewerTests.release.xcconfig */;
			buildSettings = {
				BUNDLE_LOADER = "$(TEST_HOST)";
				CODE_SIGN_STYLE = Automatic;
				DEVELOPMENT_TEAM = YAL85W8CJA;
				GCC_PREFIX_HEADER = "$(SRCROOT)/GithubViewerTests/TestingUtil/GithubViewerTestsPCH.pch";
				INFOPLIST_FILE = GithubViewerTests/Info.plist;
				LD_RUNPATH_SEARCH_PATHS = (
					"$(inherited)",
					"@executable_path/Frameworks",
					"@loader_path/Frameworks",
				);
				PRODUCT_BUNDLE_IDENTIFIER = com.farteen.GithubViewerTests;
				PRODUCT_NAME = "$(TARGET_NAME)";
				TARGETED_DEVICE_FAMILY = "1,2";
				TEST_HOST = "$(BUILT_PRODUCTS_DIR)/GithubViewer.app/GithubViewer";
			};
			name = Release;
		};
		DBF8036A213ED1B0004A75D2 /* Debug */ = {
			isa = XCBuildConfiguration;
			baseConfigurationReference = B4CCBFA4EEF3B5C9DE34E3EE /* Pods-GithubViewerUITests.debug.xcconfig */;
			buildSettings = {
				CODE_SIGN_STYLE = Automatic;
				DEVELOPMENT_TEAM = YAL85W8CJA;
				INFOPLIST_FILE = GithubViewerUITests/Info.plist;
				LD_RUNPATH_SEARCH_PATHS = (
					"$(inherited)",
					"@executable_path/Frameworks",
					"@loader_path/Frameworks",
				);
				PRODUCT_BUNDLE_IDENTIFIER = com.farteen.GithubViewerUITests;
				PRODUCT_NAME = "$(TARGET_NAME)";
				TARGETED_DEVICE_FAMILY = "1,2";
				TEST_TARGET_NAME = GithubViewer;
			};
			name = Debug;
		};
		DBF8036B213ED1B0004A75D2 /* Release */ = {
			isa = XCBuildConfiguration;
			baseConfigurationReference = 8BBEB7F18CB471D0A321ED68 /* Pods-GithubViewerUITests.release.xcconfig */;
			buildSettings = {
				CODE_SIGN_STYLE = Automatic;
				DEVELOPMENT_TEAM = YAL85W8CJA;
				INFOPLIST_FILE = GithubViewerUITests/Info.plist;
				LD_RUNPATH_SEARCH_PATHS = (
					"$(inherited)",
					"@executable_path/Frameworks",
					"@loader_path/Frameworks",
				);
				PRODUCT_BUNDLE_IDENTIFIER = com.farteen.GithubViewerUITests;
				PRODUCT_NAME = "$(TARGET_NAME)";
				TARGETED_DEVICE_FAMILY = "1,2";
				TEST_TARGET_NAME = GithubViewer;
			};
			name = Release;
		};
/* End XCBuildConfiguration section */

/* Begin XCConfigurationList section */
		DBF80332213ED1AD004A75D2 /* Build configuration list for PBXProject "GithubViewer" */ = {
			isa = XCConfigurationList;
			buildConfigurations = (
				DBF80361213ED1B0004A75D2 /* Debug */,
				DBF80362213ED1B0004A75D2 /* Release */,
			);
			defaultConfigurationIsVisible = 0;
			defaultConfigurationName = Release;
		};
		DBF80363213ED1B0004A75D2 /* Build configuration list for PBXNativeTarget "GithubViewer" */ = {
			isa = XCConfigurationList;
			buildConfigurations = (
				DBF80364213ED1B0004A75D2 /* Debug */,
				DBF80365213ED1B0004A75D2 /* Release */,
			);
			defaultConfigurationIsVisible = 0;
			defaultConfigurationName = Release;
		};
		DBF80366213ED1B0004A75D2 /* Build configuration list for PBXNativeTarget "GithubViewerTests" */ = {
			isa = XCConfigurationList;
			buildConfigurations = (
				DBF80367213ED1B0004A75D2 /* Debug */,
				DBF80368213ED1B0004A75D2 /* Release */,
			);
			defaultConfigurationIsVisible = 0;
			defaultConfigurationName = Release;
		};
		DBF80369213ED1B0004A75D2 /* Build configuration list for PBXNativeTarget "GithubViewerUITests" */ = {
			isa = XCConfigurationList;
			buildConfigurations = (
				DBF8036A213ED1B0004A75D2 /* Debug */,
				DBF8036B213ED1B0004A75D2 /* Release */,
			);
			defaultConfigurationIsVisible = 0;
			defaultConfigurationName = Release;
		};
/* End XCConfigurationList section */
	};
	rootObject = DBF8032F213ED1AD004A75D2 /* Project object */;
}
